lockVersion: 2.0.0
id: 49e4134f-8a68-4822-9090-ea41d8f239dc
management:
  docChecksum: 12f3c702a2ae2b49d11fc62baec64aa2
  docVersion: 1.0.0
  speakeasyVersion: 1.788.1
  generationVersion: 2.915.1
  releaseVersion: 0.5.0
  configChecksum: 7fc3ccc0997a50f0aba1f4ce6ae392d5
  repoURL: https://github.com/bflad/petstore-python.git
  installationURL: https://github.com/bflad/petstore-python.git
persistentEdits:
  generation_id: 60f4a8db-3fa5-4c0c-a060-7042347e310b
  pristine_commit_hash: 02c25c2e09f0fa5136f9cbc8ae0d480d0a80c301
  pristine_tree_hash: 6a3730dc4f9797e436a2997d30a0e157268875d7
features:
  python:
    additionalDependencies: 1.1.0
    constsAndDefaults: 1.0.7
    core: 6.0.34
    defaultEnabledRetries: 0.2.0
    devContainers: 3.0.0
    enumUnions: 0.1.1
    envVarSecurityUsage: 0.3.3
    flattening: 3.1.1
    globalSecurity: 3.0.7
    globalSecurityCallbacks: 1.0.0
    globalSecurityFlattening: 1.0.0
    globalServerURLs: 3.2.1
    methodArguments: 1.1.1
    responseFormat: 1.1.0
    retries: 3.0.7
    sdkHooks: 1.3.0
    uploadStreams: 1.0.3
trackedFiles:
  .devcontainer/README.md:
    id: b170c0f184ac
    last_write_checksum: sha1:fa1bef71f877f53112c65cc43c8f773d4e9b0270
    pristine_git_object: e4cd1a80dbf1988e684000f8fc691237d22a8784
  .devcontainer/devcontainer.json:
    id: b34062a34eb1
    last_write_checksum: sha1:fbbce5654b8990b172a9ffe841d7635cd51c495b
    pristine_git_object: 7e67af9f5b5aeed56bab8dd84f75d3729df3ada1
  .devcontainer/setup.sh:
    id: 5f1dfbfeb8eb
    last_write_checksum: sha1:186b8676fff61571a87840f5e19860b8934e65e3
    pristine_git_object: 6912c04049a2632a9e9b31d3dd91967f446adbfa
  .gitattributes:
    id: 24139dae6567
    last_write_checksum: sha1:53134de3ada576f37c22276901e1b5b6d85cd2da
    pristine_git_object: 4d75d59008e4d8609876d263419a9dc56c8d6f3a
  .vscode/settings.json:
    id: 89aa447020cd
    last_write_checksum: sha1:f84632c81029fcdda8c3b0c768d02b836fc80526
    pristine_git_object: 8d79f0abb72526f1fb34a4c03e5bba612c6ba2ae
  USAGE.md:
    id: 3aed33ce6e6f
    last_write_checksum: sha1:f6e5deca36457f54cf8adab9ae58acc9d89416c5
    pristine_git_object: 1439978857957024ac1c5d055a9deb9bbbbd0adc
  docs/models/apierrorinvalidinput.md:
    id: "633043903378"
    last_write_checksum: sha1:6a8dac147ad60e28d45ed9cb0e2ed5dba86c02a8
    pristine_git_object: ab88c5df8d3e45ebd06a51d703dac6714cc7df28
  docs/models/apierrornotfound.md:
    id: a48c9a5e5619
    last_write_checksum: sha1:a6ccb439129626e61691418896fb09d079150a09
    pristine_git_object: fe70db7afe54f97d00f4ef4dd048b6d6f9f06fba
  docs/models/apierrorunauthorized.md:
    id: 64fd72f566e8
    last_write_checksum: sha1:b82d88a8f0ecbe521da4379d64510d8918b8d5f9
    pristine_git_object: 1f42211f83b0c0d3efbb749fe459e2e738724c26
  docs/models/apiresponse.md:
    id: 200a62e813b5
    last_write_checksum: sha1:bc22b175bd5fe1048bfed875b4d9e29c78edafb9
    pristine_git_object: 5af5eed34c50fce15ab9fad4e6ba2d8d319d21aa
  docs/models/category.md:
    id: 61e7fe02a3f6
    last_write_checksum: sha1:bf2e8de1685a50635825c73cf3ab9b1b5c098e72
    pristine_git_object: 8d43ea571ac118cd61dc7508d6fa3e9e35ced9c3
  docs/models/deleteorderrequest.md:
    id: 7fbb4d9727f9
    last_write_checksum: sha1:00921e6b2a276793eb0136b002d6a40342aa1331
    pristine_git_object: 025b796d6b797bacedeb75dd5a4adc9508af1e9c
  docs/models/deletepetrequest.md:
    id: 83f061070946
    last_write_checksum: sha1:687d590afefec167e5572abcc822f9f75b1a38de
    pristine_git_object: 34e51d0133ca183f9b7863ffad4149ecb1144784
  docs/models/deleteuserrequest.md:
    id: 36548eaea998
    last_write_checksum: sha1:9b38a7f5ee3cd0600a5e0dddb4af735f72d8800d
    pristine_git_object: 06649cf26a2ffbd0d81b858ab031d3797a5e9644
  docs/models/findpetsbystatusrequest.md:
    id: c6ad2afc4d3e
    last_write_checksum: sha1:5de691ba9e2accaad8c39e11b2e248ffbb97abc7
    pristine_git_object: d1f41e27f2121654c8a2f481dcf47e881ae53a4f
  docs/models/findpetsbytagsrequest.md:
    id: b89fdc443e1b
    last_write_checksum: sha1:0c6e9185cd6622fec7a6711381255c895963dd6d
    pristine_git_object: d9c526243d1216f17d4cd22b6863366fb470caae
  docs/models/getorderbyidrequest.md:
    id: a177019d2596
    last_write_checksum: sha1:babe5951a06b7f79699c93d7d3b54bc1fbf262a0
    pristine_git_object: 0351934a51d207674baa9b0c8222f70c7e387099
  docs/models/getpetbyidrequest.md:
    id: 551a3acb65fd
    last_write_checksum: sha1:67725da2c2e7ffe9cee38d2fb8e45856d140558d
    pristine_git_object: cb86358117ab91c5fb3e43a35afd4d655d2a62b6
  docs/models/getuserbynamerequest.md:
    id: 2326db577997
    last_write_checksum: sha1:b887e45e79ef945cc93347175e77eaa0412c7fdc
    pristine_git_object: d70877011ff0992a70e0eb8df19adad4ab668c86
  docs/models/loginuserrequest.md:
    id: e09e6c488fb9
    last_write_checksum: sha1:91e9f588a40b0744b58b7da46bafe3a2df0a9cdc
    pristine_git_object: a8ca9eaea9b511edcc350922ade2861cb05a8a02
  docs/models/loginuserresponse.md:
    id: 660b88490c67
    last_write_checksum: sha1:ce694cea0e415643a19920e4be00947e5bef7ee0
    pristine_git_object: 39cde6dcfa158f4c0b611e7d5d0f62b448e4ec6e
  docs/models/order.md:
    id: 5d2682daf79b
    last_write_checksum: sha1:40b23aa54500d1c1a06ed7d70aac7d41a8957c32
    pristine_git_object: 99a724a05c3f44371d51497e878ffe4c373d7528
  docs/models/orderstatus.md:
    id: 713fa0fe3280
    last_write_checksum: sha1:eaee150ba4339e1112abe990edb1fa0144904543
    pristine_git_object: 0b510a3328cde58d02a0c53a058f47982b2a140d
  docs/models/pet.md:
    id: e267a20ce961
    last_write_checksum: sha1:e8c9951c5636ea63b1033f0b70eab3f3cae13d76
    pristine_git_object: 03936e4a2c176c4b193d6de60df5f73c16589ccc
  docs/models/queryparamstatus.md:
    id: 15628120923d
    last_write_checksum: sha1:56a0db7d81afe3fd0bbb972cf87cc4c365871df0
    pristine_git_object: 0fe4a884d21441d068c11fb84bd2da95c5e0db20
  docs/models/security.md:
    id: 452e4d4eb67a
    last_write_checksum: sha1:ce2871b49c1632d50e22d0b1ebe4999021d52313
    pristine_git_object: c698674c513f5b20c04f629e50154e67977275f7
  docs/models/status.md:
    id: 959cd204aadf
    last_write_checksum: sha1:a6a47ad283bbb9aea5f781cef5640b96b34ed76d
    pristine_git_object: b6cdb179e0d7843c67cd05292d8b092c9a5696ca
  docs/models/tag.md:
    id: 90f069a60928
    last_write_checksum: sha1:b48d925228af18527dc59b273f6937162aa61362
    pristine_git_object: 22ba9c3464329c92da39b57818b3733d8ea4c944
  docs/models/updateuserrequest.md:
    id: 4630cfae46e2
    last_write_checksum: sha1:76abf779af35485ec2fd87ca933157ab2699be48
    pristine_git_object: cc180dd899c54aceb19e3a3e19e56201036dd6aa
  docs/models/uploadfilerequest.md:
    id: 57e3b1c37a62
    last_write_checksum: sha1:7618978812f0712cabd5489ab48a7884b9ce146d
    pristine_git_object: 16f4500e8f426898cb4bb7afa2bd324c2c03869a
  docs/models/user.md:
    id: 8306f1e41187
    last_write_checksum: sha1:83bd63936a7ac98e7b45b03936908fadc76bf99f
    pristine_git_object: b4c76ba9ba9a0afcdd40796595639ad2c8dcccef
  docs/models/utils/retryconfig.md:
    id: 4343ac43161c
    last_write_checksum: sha1:562c0f21e308ad10c27f85f75704c15592c6929d
    pristine_git_object: 69dd549ec7f5f885101d08dd502e25748183aebf
  docs/sdks/petsdk/README.md:
    id: 39f8453f102d
    last_write_checksum: sha1:95faa5b2226a7db49ceff84715f7862793d1f2d1
    pristine_git_object: daf7c15a1d4554a2026f614077cacf50a95288e1
  docs/sdks/store/README.md:
    id: c7c274b48df2
    last_write_checksum: sha1:76ff8474193c314260e31ce425e60e6dfc8b8469
    pristine_git_object: f2c41af15641436476936bd323db1c2ab68d6da7
  docs/sdks/usersdk/README.md:
    id: c3248811dcdc
    last_write_checksum: sha1:7440f5a5028823d26094c1ebb20e1616e9c37113
    pristine_git_object: 1c7735889ba9c6a711781193951fb619e12c0007
  poetry.toml:
    id: a81ade82122a
    last_write_checksum: sha1:2242305e29dc6921bdf5b200aea5d4bf67830230
    pristine_git_object: cd3492ac9dc870fdcf23dbd94fd1d40cc753cc8e
  py.typed:
    id: 258c3ed47ae4
    last_write_checksum: sha1:8efc425ffe830805ffcc0f3055871bdcdc542c60
    pristine_git_object: 3e38f1a929f7d6b1d6de74604aa87e3d8f010544
  pylintrc:
    id: 7ce8b9f946e6
    last_write_checksum: sha1:02d374417b71ebbc1bfa08d3e2bb8855b2299bc7
    pristine_git_object: f4af620789217ae70ea020db1c3cf0687bb9b0ae
  pyproject.toml:
    id: 5d07e7d72637
    last_write_checksum: sha1:4faf01f6a1c8015f26331155a4609f1cd5da7b34
    pristine_git_object: b54cf7ed183a11375333924f3f92f80af6757184
  scripts/prepare_readme.py:
    id: e0c5957a6035
    last_write_checksum: sha1:6f6eccb6a848e38d2e8c3d06752e3ba68e07d601
    pristine_git_object: 289787185921e2b9e4c5145b1b91d01eb9ebbe89
  scripts/publish.sh:
    id: fe273b08f514
    last_write_checksum: sha1:b31bafc19c15ab5ea925fdf8d5d4adce2b115a63
    pristine_git_object: 2a3ead70ccc6228cbae1c5c8a319b1399f3804ea
  src/petstore/__init__.py:
    id: 9bbaacd2d64a
    last_write_checksum: sha1:eec86b555287a1f966479167defba81fe37be83f
    pristine_git_object: d028dd22db25a8dfa0f8c44641ceed256e9d9e46
  src/petstore/_hooks/__init__.py:
    id: 70ac904ddd95
    last_write_checksum: sha1:e3111289afd28ad557c21d9e2f918caabfb7037d
    pristine_git_object: 2ee66cdd592fe41731c24ddd407c8ca31c50aec1
  src/petstore/_hooks/sdkhooks.py:
    id: e488bce6e496
    last_write_checksum: sha1:c466400ab09b1bfd960d4125cb12687df578a05e
    pristine_git_object: 5d3d917b38b362fd6ce2e86ad4af3d95bff953f3
  src/petstore/_hooks/types.py:
    id: d8e1153dd8f1
    last_write_checksum: sha1:d63bd7c472b2da8c5422ae2b39482a73aa154d5b
    pristine_git_object: 0699dabace0995f6f75eb4fdcc7198a78aaee891
  src/petstore/_version.py:
    id: fe1ff2554367
    last_write_checksum: sha1:fcf54e5739f291edc1e02ff15b1aab11f9b2b1bc
    pristine_git_object: 0380be01f3afee17c0b33e03e4b96e6c8a62073d
  src/petstore/basesdk.py:
    id: 6e76fd6ce5d7
    last_write_checksum: sha1:18c70934b52b4a9edca6dbeece28aa965255193a
    pristine_git_object: 7d65cc66ca9512790e4107a5652f2a339f447600
  src/petstore/httpclient.py:
    id: 4d4db05e3fa8
    last_write_checksum: sha1:5e55338d6ee9f01ab648cad4380201a8a3da7dd7
    pristine_git_object: 89560b566073785535643e694c112bedbd3db13d
  src/petstore/models/__init__.py:
    id: 69f64505099c
    last_write_checksum: sha1:9b7d524ee1e2049f6407e166d5463736e3535fa2
    pristine_git_object: e4287b59d83583fe9035c2091ba46748c2581722
  src/petstore/models/apierrorinvalidinput.py:
    id: b864398c6042
    last_write_checksum: sha1:379951e8f825204d843bcbb49d3511d263c4dcd9
    pristine_git_object: 667aebb258ed49ee62d9ea215c51be83b499c1bd
  src/petstore/models/apierrornotfound.py:
    id: ac00d3ea1b04
    last_write_checksum: sha1:ca97350376fd0bf067f9f8da86a380c22bb1bc25
    pristine_git_object: 4c1df80454936bfcaf22ceb643f570b7ed238aa9
  src/petstore/models/apierrorunauthorized.py:
    id: 3b33c662b0fb
    last_write_checksum: sha1:626e3830d849b71890e27ca7497f4d10ca8e1d61
    pristine_git_object: 5a963405569f1bdb86340d746547b9d8f257975a
  src/petstore/models/apiresponse.py:
    id: 0faf84876c82
    last_write_checksum: sha1:a7ac181371dd5f63758c8fe06d75571e2a8bbcfa
    pristine_git_object: b3bdf9bd91482e73abd73aed672abac52698950e
  src/petstore/models/category.py:
    id: 89f47d78da25
    last_write_checksum: sha1:e5d2862a8da51ee6cd3fd5b08596a02fcb66b560
    pristine_git_object: 1ee15a7f44436067263709150f7c94a9301c0548
  src/petstore/models/deleteorderop.py:
    id: be730c8e8066
    last_write_checksum: sha1:057eccc97b4c6d50597b0db443946a6c4b2fd608
    pristine_git_object: cadf423f97d2ff2b5d9414efd220479952af1c05
  src/petstore/models/deletepetop.py:
    id: da920d34e21e
    last_write_checksum: sha1:63acfb690ca42bf8820f792a2887c688b3b410cb
    pristine_git_object: 3a909d47d7c69020b89ee183603691ef759d91de
  src/petstore/models/deleteuserop.py:
    id: 0ac7aa0e1c96
    last_write_checksum: sha1:e898c8b8c2dd0b74a19307ca7050a0eee171a8c3
    pristine_git_object: 5da974442e440348b0614589b4be31a2b9d6b7bd
  src/petstore/models/findpetsbystatusop.py:
    id: f4239d372d88
    last_write_checksum: sha1:d853ba6c371876055cc736fc1ab8ea9060a7bce7
    pristine_git_object: f2827901e2ec644a526e0240855ad9e6a19f5454
  src/petstore/models/findpetsbytagsop.py:
    id: 37924323952e
    last_write_checksum: sha1:def632a1ee866d3d8881bdaadee802d12486d1bd
    pristine_git_object: 659e5ae06cf061bd6d8b96cf7816199de2fb0f27
  src/petstore/models/getorderbyidop.py:
    id: 533c5c07811a
    last_write_checksum: sha1:8a4d5581cc298a9a2d4e7ec7fbc04173bb2430df
    pristine_git_object: c34673fc97600e303d03fc6afcf3a13bcbf65bef
  src/petstore/models/getpetbyidop.py:
    id: fe95583c52d5
    last_write_checksum: sha1:e3f28e4dce87b099b67d3467d431d24e497f13aa
    pristine_git_object: 1f8bb71ab501b5aa84c0dd9c48aa617800cba7b5
  src/petstore/models/getuserbynameop.py:
    id: f0a0048ac123
    last_write_checksum: sha1:69cb6d0c60e4810d3e8295d4ad4d1ec492395323
    pristine_git_object: 7f643024ec3021c6ad25dcc99d281105458bfe59
  src/petstore/models/loginuserop.py:
    id: 36d5569e8732
    last_write_checksum: sha1:726aee16385f182cfd65d3c3bf5c916887c0ab6b
    pristine_git_object: 0187b8efb989d7c0ca468f62b9927b5e9290ec2c
  src/petstore/models/no_response_error.py:
    id: fc084a07a749
    last_write_checksum: sha1:7f326424a7d5ae1bcd5c89a0d6b3dbda9138942f
    pristine_git_object: 1deab64bc43e1e65bf3c412d326a4032ce342366
  src/petstore/models/order.py:
    id: a3d8c5248803
    last_write_checksum: sha1:60393d7f554baa3ab1bc3085539d958795d9beed
    pristine_git_object: 74b3151ab83f48b5ebfaca50cf202bac4ac90b88
  src/petstore/models/pet.py:
    id: f99ca3a02c8c
    last_write_checksum: sha1:b614e2e62101cae9c52d3078c7daf232fdb0f1e1
    pristine_git_object: 1155bed11ef33c63232c1cea2664dc283b3666b3
  src/petstore/models/petstoreerror.py:
    id: c88862e2f328
    last_write_checksum: sha1:44bad1f70a334881d29280ae51aebb7ed9b7ee61
    pristine_git_object: 1f9f2ccdaa2be73936c1358cfda8f9ac257278ef
  src/petstore/models/responsevalidationerror.py:
    id: e1ad491ac36f
    last_write_checksum: sha1:bc9c15a192dcb3e7763840e058d5cd43edd544c3
    pristine_git_object: 6096629c08d0479980c397acf3a12c167e252bb0
  src/petstore/models/sdkerror.py:
    id: df1ac5b3ab8c
    last_write_checksum: sha1:8464eaf8a73b390494844084a3d6bea01f75cc9b
    pristine_git_object: 5c5c8d62a3d386153ad3933bec4ca6fb44895bee
  src/petstore/models/security.py:
    id: f9cfd336e921
    last_write_checksum: sha1:76d297741fdf6486586d277c6fab62f0c6480e26
    pristine_git_object: a4d853aef017782c355057ccc3b4829267001469
  src/petstore/models/tag.py:
    id: beddef207f48
    last_write_checksum: sha1:f09c459510ee3856199395e12ecc59d8662f792a
    pristine_git_object: 81f5dcb33acf01f99ba3b60046d61ca42933e0e8
  src/petstore/models/updateuserop.py:
    id: 368a4829b8ce
    last_write_checksum: sha1:ddab53ee91a4e7e4e1fa83ede3efb06f81c896b8
    pristine_git_object: 213cc4c115b58db18e379a2cff1360b0718794f3
  src/petstore/models/uploadfileop.py:
    id: 8b1f15854531
    last_write_checksum: sha1:f3f63824d2ea16a55902fe42810984c99ef72608
    pristine_git_object: b6f4665abf0de394d22bbf1ee18680a1206317d2
  src/petstore/models/user.py:
    id: aeb464df88cd
    last_write_checksum: sha1:07010cbf545e3cfa275218a9af1bc38c6bf4475c
    pristine_git_object: 9b47ae48c33d068eae7ed163db90ef3b11d2f310
  src/petstore/pet_sdk.py:
    id: e851aac1dc8b
    last_write_checksum: sha1:bda873570c46a4dbdf5ed391d6b8a54eb4585492
    pristine_git_object: bdaa6bd832a2683527d96636fab01b5200d9408e
  src/petstore/py.typed:
    id: 86306e840321
    last_write_checksum: sha1:8efc425ffe830805ffcc0f3055871bdcdc542c60
    pristine_git_object: 3e38f1a929f7d6b1d6de74604aa87e3d8f010544
  src/petstore/sdk.py:
    id: ab19c1680812
    last_write_checksum: sha1:66d9146d3b380a6fa14aedb84ae0d25cee3f5f18
    pristine_git_object: 7f601ffd5d40decec357524321e2d0bfd0f1c129
  src/petstore/sdkconfiguration.py:
    id: 1acd9eb20709
    last_write_checksum: sha1:bdf09d37e485475fff047a19a2c46916e223e526
    pristine_git_object: 2d4f67881f4c92e9f1726546bcd855d4e68b503f
  src/petstore/store.py:
    id: 6832cc3b7d6c
    last_write_checksum: sha1:2d4c12af3cba445ad40913161be5ed57663423ba
    pristine_git_object: ecc7bd9fc552ba3150fd4e6b6886246e33d1da15
  src/petstore/types/__init__.py:
    id: 1fc0cd1a37f9
    last_write_checksum: sha1:f9ad14217f832e74f594285960125add50324be9
    pristine_git_object: faa268137bc01c9d08cfadc4797017db48747a96
  src/petstore/types/base64fileinput.py:
    id: 177199427cfe
    last_write_checksum: sha1:1522687ae3398374c35710cad993a6e82b5ab99d
    pristine_git_object: 862566fe2b1db830276b390e136e65090e5963d2
  src/petstore/types/basemodel.py:
    id: 00733e9e52bb
    last_write_checksum: sha1:10d84aedeb9d35edfdadf2c3020caa1d24d8b584
    pristine_git_object: a9a640a1a7048736383f96c67c6290c86bf536ee
  src/petstore/user_sdk.py:
    id: 4b691d2450ca
    last_write_checksum: sha1:76e034be78237d90a32a7b8d88139d1b4d43b19f
    pristine_git_object: 358d94d1dad31ae861fbc5d43f980f7f96c177a5
  src/petstore/utils/__init__.py:
    id: 7749741fe628
    last_write_checksum: sha1:1970816f2234ecb8785798240b0edced961de971
    pristine_git_object: 0498cb8dabf249b39609f81fb10cddc30f1b78b5
  src/petstore/utils/annotations.py:
    id: f218502ff219
    last_write_checksum: sha1:a4824ad65f730303e4e1e3ec1febf87b4eb46dbc
    pristine_git_object: 12e0aa4f1151bb52474cc02e88397329b90703f6
  src/petstore/utils/datetimes.py:
    id: a6d367daf87c
    last_write_checksum: sha1:c721e4123000e7dc61ec52b28a739439d9e17341
    pristine_git_object: a6c52cd61bbe2d459046c940ce5e8c469f2f0664
  src/petstore/utils/dynamic_imports.py:
    id: cd888c5e3416
    last_write_checksum: sha1:a1940c63feb8eddfd8026de53384baf5056d5dcc
    pristine_git_object: 673edf82a97d0fea7295625d3e092ea369a36b79
  src/petstore/utils/enums.py:
    id: c65f5c0cecc4
    last_write_checksum: sha1:bc8c3c1285ae09ba8a094ee5c3d9c7f41fa1284d
    pristine_git_object: 3324e1bc2668c54c4d5f5a1a845675319757a828
  src/petstore/utils/eventstreaming.py:
    id: 24fe2c55686d
    last_write_checksum: sha1:7d1dc68f8b48486ab646653aa05cc38752e1f912
    pristine_git_object: a8d4fe5cc88d3c7337339e1b36a61bbf7ca8c4eb
  src/petstore/utils/forms.py:
    id: 10acebc0d907
    last_write_checksum: sha1:a971cdb120ad3d416d296d5d0ad89e4808350a7f
    pristine_git_object: fdf0dc9b2a67bca773eefe6b471498cccaa83424
  src/petstore/utils/headers.py:
    id: 9de615c5a30f
    last_write_checksum: sha1:7c6df233ee006332b566a8afa9ce9a245941d935
    pristine_git_object: 37864cbbbc40d1a47112bbfdd3ba79568fc8818a
  src/petstore/utils/logger.py:
    id: ede6d61a3887
    last_write_checksum: sha1:f3fdb154a3f09b8cc43d74c7e9c02f899f8086e4
    pristine_git_object: b661aff65d38b77d035149699aea09b2785d2fc6
  src/petstore/utils/metadata.py:
    id: 21633e3e7baf
    last_write_checksum: sha1:e703e5cbb5255144aacf86898d1420529afaaff8
    pristine_git_object: 5abddd588837ac297050ca3b543627faadb350a9
  src/petstore/utils/queryparams.py:
    id: 3b028c2b84a5
    last_write_checksum: sha1:b94c3f314fd3da0d1d215afc2731f48748e2aa59
    pristine_git_object: c04e0db82b68eca041f2cb2614d748fbac80fd41
  src/petstore/utils/requestbodies.py:
    id: e0edf16e0790
    last_write_checksum: sha1:e1fef575283b7fe7fe2ad392dbbb3fb105309124
    pristine_git_object: 591415af8e64baa410627b507d2740afb5387d13
  src/petstore/utils/retries.py:
    id: ec49f8c3d273
    last_write_checksum: sha1:3585b891142f30a597fbf7a2f0340700babef8e4
    pristine_git_object: ca7b59efebbbd9545744d0207ef42725c4cc5143
  src/petstore/utils/security.py:
    id: 07816d2c37ec
    last_write_checksum: sha1:c11eef495b6aaa249178c24c796940cc540b7a00
    pristine_git_object: 42d8d78e9981eed7507670014d99588e27ab325a
  src/petstore/utils/serializers.py:
    id: 9ec1177f22e1
    last_write_checksum: sha1:7485f1425b0661fd84836186570df90207eec6af
    pristine_git_object: 1031ed930bad5ece220cf7416a56c29f40f0588b
  src/petstore/utils/unmarshal_json_response.py:
    id: 58af6d30b5b9
    last_write_checksum: sha1:da09c0535ece258781b0103d2cf79222c1c1314f
    pristine_git_object: a505d5e064ff82b8588bb3bd114ab757a97d9f78
  src/petstore/utils/url.py:
    id: bdd039acc63b
    last_write_checksum: sha1:6479961baa90432ca25626f8e40a7bbc32e73b41
    pristine_git_object: c78ccbae426ce6d385709d97ce0b1c2813ea2418
  src/petstore/utils/values.py:
    id: 35c40b719e93
    last_write_checksum: sha1:acaa178a7c41ddd000f58cc691e4632d925b2553
    pristine_git_object: dae01a44384ac3bc13ae07453a053bf6c898ebe3
examples:
  updatePet:
    speakeasy-default-update-pet:
      requestBody:
        application/json: {"id": 10, "name": "doggie", "category": {"id": 1, "name": "Dogs"}, "photoUrls": ["<value 1>"]}
      responses:
        "200":
          application/json: {"id": 10, "name": "doggie", "category": {"id": 1, "name": "Dogs"}, "photoUrls": []}
        "400":
          application/json: {"status": 400, "error": "Bad request"}
        "401":
          application/json: {"status": 401, "error": "Unauthorized"}
        "404":
          application/json: {"status": 404, "error": "Not Found", "code": "object_not_found"}
  addPet:
    speakeasy-default-add-pet:
      requestBody:
        application/json: {"id": 10, "name": "doggie", "category": {"id": 1, "name": "Dogs"}, "photoUrls": ["<value 1>", "<value 2>", "<value 3>"]}
      responses:
        "200":
          application/json: {"id": 10, "name": "doggie", "category": {"id": 1, "name": "Dogs"}, "photoUrls": ["<value 1>"]}
  findPetsByStatus:
    speakeasy-default-find-pets-by-status:
      parameters:
        query:
          status: "available"
      responses:
        "200":
          application/json: [{"id": 10, "name": "doggie", "category": {"id": 1, "name": "Dogs"}, "photoUrls": ["<value 1>", "<value 2>"]}]
        "400":
          application/json: {"status": 400, "error": "Bad request"}
        "401":
          application/json: {"status": 401, "error": "Unauthorized"}
        "404":
          application/json: {"status": 404, "error": "Not Found", "code": "object_not_found"}
  findPetsByTags:
    speakeasy-default-find-pets-by-tags:
      responses:
        "200":
          application/json: [{"id": 10, "name": "doggie", "category": {"id": 1, "name": "Dogs"}, "photoUrls": []}]
        "400":
          application/json: {"status": 400, "error": "Bad request"}
        "401":
          application/json: {"status": 401, "error": "Unauthorized"}
        "404":
          application/json: {"status": 404, "error": "Not Found", "code": "object_not_found"}
  getPetById:
    speakeasy-default-get-pet-by-id:
      parameters:
        path:
          petId: 311674
      responses:
        "200":
          application/json: {"id": 10, "name": "doggie", "category": {"id": 1, "name": "Dogs"}, "photoUrls": ["<value 1>"]}
        "400":
          application/json: {"status": 400, "error": "Bad request"}
        "401":
          application/json: {"status": 401, "error": "Unauthorized"}
        "404":
          application/json: {"status": 404, "error": "Not Found", "code": "object_not_found"}
  deletePet:
    speakeasy-default-delete-pet:
      parameters:
        path:
          petId: 818965
      responses:
        "200":
          application/json: {"id": 10, "name": "doggie", "category": {"id": 1, "name": "Dogs"}, "photoUrls": []}
        "400":
          application/json: {"status": 400, "error": "Bad request"}
        "401":
          application/json: {"status": 401, "error": "Unauthorized"}
        "404":
          application/json: {"status": 404, "error": "Not Found", "code": "object_not_found"}
  uploadFile:
    speakeasy-default-upload-file:
      parameters:
        path:
          petId: 150516
      responses:
        "200":
          application/json: {}
  getInventory:
    speakeasy-default-get-inventory:
      responses:
        "200":
          application/json: {"key": 111959, "key1": 333452, "key2": 973245}
        "401":
          application/json: {"status": 401, "error": "Unauthorized"}
        "404":
          application/json: {"status": 404, "error": "Not Found", "code": "object_not_found"}
  placeOrder:
    speakeasy-default-place-order:
      requestBody:
        application/json: {"id": 10, "petId": 198772, "quantity": 7, "status": "approved"}
      responses:
        "200":
          application/json: {"id": 10, "petId": 198772, "quantity": 7, "status": "approved"}
        "401":
          application/json: {"status": 401, "error": "Unauthorized"}
        "404":
          application/json: {"status": 404, "error": "Not Found", "code": "object_not_found"}
  getOrderById:
    speakeasy-default-get-order-by-id:
      parameters:
        path:
          orderId: 728529
      responses:
        "200":
          application/json: {"id": 10, "petId": 198772, "quantity": 7, "status": "approved"}
        "400":
          application/json: {"status": 400, "error": "Bad request"}
        "401":
          application/json: {"status": 401, "error": "Unauthorized"}
        "404":
          application/json: {"status": 404, "error": "Not Found", "code": "object_not_found"}
  deleteOrder:
    speakeasy-default-delete-order:
      parameters:
        path:
          orderId: 690575
      responses:
        "200":
          application/json: {"id": 10, "petId": 198772, "quantity": 7, "status": "approved"}
        "400":
          application/json: {"status": 400, "error": "Bad request"}
        "401":
          application/json: {"status": 401, "error": "Unauthorized"}
        "404":
          application/json: {"status": 404, "error": "Not Found", "code": "object_not_found"}
  createUser:
    speakeasy-default-create-user:
      requestBody:
        application/json: {"id": 10, "username": "theUser", "firstName": "John", "lastName": "James", "email": "john@email.com", "password": "12345", "phone": "12345", "userStatus": 1}
      responses:
        "200":
          application/json: {"id": 10, "username": "theUser", "firstName": "John", "lastName": "James", "email": "john@email.com", "password": "12345", "phone": "12345", "userStatus": 1}
  createUsersWithListInput:
    speakeasy-default-create-users-with-list-input:
      requestBody:
        application/json: [{"id": 10, "username": "theUser", "firstName": "John", "lastName": "James", "email": "john@email.com", "password": "12345", "phone": "12345", "userStatus": 1}]
      responses:
        "200":
          application/json: {"id": 10, "username": "theUser", "firstName": "John", "lastName": "James", "email": "john@email.com", "password": "12345", "phone": "12345", "userStatus": 1}
  loginUser:
    speakeasy-default-login-user:
      responses:
        "200":
          application/json: "<value>"
        "400":
          application/json: {"status": 400, "error": "Bad request"}
        "401":
          application/json: {"status": 401, "error": "Unauthorized"}
        "404":
          application/json: {"status": 404, "error": "Not Found", "code": "object_not_found"}
  logoutUser: {}
  getUserByName:
    speakeasy-default-get-user-by-name:
      parameters:
        path:
          username: "Edyth10"
      responses:
        "200":
          application/json: {"id": 10, "username": "theUser", "firstName": "John", "lastName": "James", "email": "john@email.com", "password": "12345", "phone": "12345", "userStatus": 1}
        "400":
          application/json: {"status": 400, "error": "Bad request"}
        "401":
          application/json: {"status": 401, "error": "Unauthorized"}
        "404":
          application/json: {"status": 404, "error": "Not Found", "code": "object_not_found"}
  updateUser:
    speakeasy-default-update-user:
      parameters:
        path:
          username: "Alison.Cassin"
      requestBody:
        application/json: {"id": 10, "username": "theUser", "firstName": "John", "lastName": "James", "email": "john@email.com", "password": "12345", "phone": "12345", "userStatus": 1}
  deleteUser:
    speakeasy-default-delete-user:
      parameters:
        path:
          username: "Rita_Schuppe"
      responses:
        "200":
          application/json: {"id": 10, "username": "theUser", "firstName": "John", "lastName": "James", "email": "john@email.com", "password": "12345", "phone": "12345", "userStatus": 1}
        "400":
          application/json: {"status": 400, "error": "Bad request"}
        "401":
          application/json: {"status": 401, "error": "Unauthorized"}
        "404":
          application/json: {"status": 404, "error": "Not Found", "code": "object_not_found"}
examplesVersion: 1.0.2
generatedTests: {}
generatedFiles:
  - .devcontainer/README.md
  - .devcontainer/devcontainer.json
  - .devcontainer/setup.sh
  - .gitattributes
  - .python-version
  - .vscode/settings.json
  - CONTRIBUTING.md
  - USAGE.md
  - docs/models/apierrorinvalidinput.md
  - docs/models/apierrornotfound.md
  - docs/models/apierrorunauthorized.md
  - docs/models/apiresponse.md
  - docs/models/category.md
  - docs/models/deleteorderrequest.md
  - docs/models/deletepetrequest.md
  - docs/models/deleteuserrequest.md
  - docs/models/findpetsbystatusrequest.md
  - docs/models/findpetsbytagsrequest.md
  - docs/models/getorderbyidrequest.md
  - docs/models/getpetbyidrequest.md
  - docs/models/getuserbynamerequest.md
  - docs/models/loginuserrequest.md
  - docs/models/loginuserresponse.md
  - docs/models/order.md
  - docs/models/orderstatus.md
  - docs/models/pet.md
  - docs/models/queryparamstatus.md
  - docs/models/security.md
  - docs/models/status.md
  - docs/models/tag.md
  - docs/models/updateuserrequest.md
  - docs/models/uploadfilerequest.md
  - docs/models/user.md
  - docs/models/utils/retryconfig.md
  - docs/sdks/petsdk/README.md
  - docs/sdks/petstore/README.md
  - docs/sdks/store/README.md
  - docs/sdks/usersdk/README.md
  - poetry.toml
  - py.typed
  - pylintrc
  - pyproject.toml
  - scripts/prepare-readme.py
  - scripts/publish.sh
  - src/petstore/__init__.py
  - src/petstore/_hooks/__init__.py
  - src/petstore/_hooks/sdkhooks.py
  - src/petstore/_hooks/types.py
  - src/petstore/_version.py
  - src/petstore/basesdk.py
  - src/petstore/httpclient.py
  - src/petstore/models/__init__.py
  - src/petstore/models/apierrorinvalidinput.py
  - src/petstore/models/apierrornotfound.py
  - src/petstore/models/apierrorunauthorized.py
  - src/petstore/models/apiresponse.py
  - src/petstore/models/category.py
  - src/petstore/models/deleteorderop.py
  - src/petstore/models/deletepetop.py
  - src/petstore/models/deleteuserop.py
  - src/petstore/models/findpetsbystatusop.py
  - src/petstore/models/findpetsbytagsop.py
  - src/petstore/models/getorderbyidop.py
  - src/petstore/models/getpetbyidop.py
  - src/petstore/models/getuserbynameop.py
  - src/petstore/models/loginuserop.py
  - src/petstore/models/order.py
  - src/petstore/models/pet.py
  - src/petstore/models/sdkerror.py
  - src/petstore/models/security.py
  - src/petstore/models/tag.py
  - src/petstore/models/updateuserop.py
  - src/petstore/models/uploadfileop.py
  - src/petstore/models/user.py
  - src/petstore/pet_sdk.py
  - src/petstore/py.typed
  - src/petstore/sdk.py
  - src/petstore/sdkconfiguration.py
  - src/petstore/store.py
  - src/petstore/types/__init__.py
  - src/petstore/types/basemodel.py
  - src/petstore/user_sdk.py
  - src/petstore/utils/__init__.py
  - src/petstore/utils/annotations.py
  - src/petstore/utils/enums.py
  - src/petstore/utils/eventstreaming.py
  - src/petstore/utils/forms.py
  - src/petstore/utils/headers.py
  - src/petstore/utils/logger.py
  - src/petstore/utils/metadata.py
  - src/petstore/utils/queryparams.py
  - src/petstore/utils/requestbodies.py
  - src/petstore/utils/retries.py
  - src/petstore/utils/security.py
  - src/petstore/utils/serializers.py
  - src/petstore/utils/url.py
  - src/petstore/utils/values.py
