speakeasyVersion: 1.448.1
sources:
    petstore-oas:
        sourceNamespace: petstore-oas
        sourceRevisionDigest: sha256:115894d9ad469fbae45be61084c3309dc81ecab818c61ae415a28e0d7f48b910
        sourceBlobDigest: sha256:e0c15145843ccd1a93b3db5a9189468ec218daf70cf0527bd95c78692130b0d6
        tags:
            - latest
            - 1.0.0
targets:
    petstore:
        source: petstore-oas
        sourceNamespace: petstore-oas
        sourceRevisionDigest: sha256:115894d9ad469fbae45be61084c3309dc81ecab818c61ae415a28e0d7f48b910
        sourceBlobDigest: sha256:e0c15145843ccd1a93b3db5a9189468ec218daf70cf0527bd95c78692130b0d6
        codeSamplesNamespace: petstore-oas-python-code-samples
        codeSamplesRevisionDigest: sha256:0e8aef9a07504d45ce66abba074d6702bc813cc2cefc286f77382fef42a94605
workflow:
    workflowVersion: 1.0.0
    speakeasyVersion: latest
    sources:
        petstore-oas:
            inputs:
                - location: openapi.yaml
            registry:
                location: registry.speakeasyapi.dev/playground-wnq/playground-testing/petstore-oas
    targets:
        petstore:
            target: python
            source: petstore-oas
            codeSamples:
                registry:
                    location: registry.speakeasyapi.dev/playground-wnq/playground-testing/petstore-oas-python-code-samples
                blocking: false
