speakeasyVersion: 1.445.2
sources:
    petstore-oas:
        sourceNamespace: petstore-oas
        sourceRevisionDigest: sha256:b694012644d4ff4a60b1fe5ba43d2d20da5a199ef9e702034101bfc1b7e202cc
        sourceBlobDigest: sha256:e0c15145843ccd1a93b3db5a9189468ec218daf70cf0527bd95c78692130b0d6
        tags:
            - latest
            - 1.0.0
targets:
    petstore:
        source: petstore-oas
        sourceNamespace: petstore-oas
        sourceRevisionDigest: sha256:b694012644d4ff4a60b1fe5ba43d2d20da5a199ef9e702034101bfc1b7e202cc
        sourceBlobDigest: sha256:e0c15145843ccd1a93b3db5a9189468ec218daf70cf0527bd95c78692130b0d6
        codeSamplesNamespace: petstore-oas-code-samples
        codeSamplesRevisionDigest: sha256:f1466d9e1ba0345ddceb218ac3c1584d78ca835af520c666f66cd9f6be8e3f96
workflow:
    workflowVersion: 1.0.0
    speakeasyVersion: latest
    sources:
        petstore-oas:
            inputs:
                - location: openapi.yaml
            registry:
                location: registry.speakeasyapi.dev/playground-wnq/playground-testing/petstore-oas
    targets:
        petstore:
            target: python
            source: petstore-oas
            codeSamples:
                registry:
                    location: registry.speakeasyapi.dev/playground-wnq/playground-testing/petstore-oas-code-samples
                blocking: false
