speakeasyVersion: 1.445.2
sources:
    petstore-oas:
        sourceNamespace: petstore-oas
        sourceRevisionDigest: sha256:c219afdb558a844f2d0caf104fda2353f541f45c623faa986d537c2ab46be1fd
        sourceBlobDigest: sha256:e0c15145843ccd1a93b3db5a9189468ec218daf70cf0527bd95c78692130b0d6
        tags:
            - latest
            - 1.0.0
targets:
    petstore:
        source: petstore-oas
        sourceNamespace: petstore-oas
        sourceRevisionDigest: sha256:c219afdb558a844f2d0caf104fda2353f541f45c623faa986d537c2ab46be1fd
        sourceBlobDigest: sha256:e0c15145843ccd1a93b3db5a9189468ec218daf70cf0527bd95c78692130b0d6
        codeSamplesNamespace: petstore-oas-code-samples
        codeSamplesRevisionDigest: sha256:c1fae85065ac84d660e1ed4925bd2e042644f25dd08fe46fe9b0eacee4b45818
workflow:
    workflowVersion: 1.0.0
    speakeasyVersion: latest
    sources:
        petstore-oas:
            inputs:
                - location: openapi.yaml
            registry:
                location: registry.speakeasyapi.dev/playground-wnq/playground-testing/petstore-oas
    targets:
        petstore:
            target: python
            source: petstore-oas
            codeSamples:
                registry:
                    location: registry.speakeasyapi.dev/playground-wnq/playground-testing/petstore-oas-code-samples
                blocking: false
